// !$*UTF8*$!
{
	archiveVersion = 1;
	classes = {
	};
	objectVersion = 77;
	objects = {

/* Begin PBXContainerItemProxy section */
		D665E61A2CD8B2EF0070F8BD /* PBXContainerItemProxy */ = {
			isa = PBXContainerItemProxy;
			containerPortal = D665E6012CD8B2EC0070F8BD /* Project object */;
			proxyType = 1;
			remoteGlobalIDString = D665E6082CD8B2EC0070F8BD;
			remoteInfo = SwiftUIPuzzlePiece;
		};
		D665E6242CD8B2EF0070F8BD /* PBXContainerItemProxy */ = {
			isa = PBXContainerItemProxy;
			containerPortal = D665E6012CD8B2EC0070F8BD /* Project object */;
			proxyType = 1;
			remoteGlobalIDString = D665E6082CD8B2EC0070F8BD;
			remoteInfo = SwiftUIPuzzlePiece;
		};
/* End PBXContainerItemProxy section */

/* Begin PBXFileReference section */
		D665E6092CD8B2EC0070F8BD /* SwiftUIPuzzlePiece.app */ = {isa = PBXFileReference; explicitFileType = wrapper.application; includeInIndex = 0; path = SwiftUIPuzzlePiece.app; sourceTree = BUILT_PRODUCTS_DIR; };
		D665E6192CD8B2EF0070F8BD /* SwiftUIPuzzlePieceTests.xctest */ = {isa = PBXFileReference; explicitFileType = wrapper.cfbundle; includeInIndex = 0; path = SwiftUIPuzzlePieceTests.xctest; sourceTree = BUILT_PRODUCTS_DIR; };
		D665E6232CD8B2EF0070F8BD /* SwiftUIPuzzlePieceUITests.xctest */ = {isa = PBXFileReference; explicitFileType = wrapper.cfbundle; includeInIndex = 0; path = SwiftUIPuzzlePieceUITests.xctest; sourceTree = BUILT_PRODUCTS_DIR; };
/* End PBXFileReference section */

/* Begin PBXFileSystemSynchronizedRootGroup section */
		D665E60B2CD8B2EC0070F8BD /* SwiftUIPuzzlePiece */ = {
			isa = PBXFileSystemSynchronizedRootGroup;
			path = SwiftUIPuzzlePiece;
			sourceTree = "<group>";
		};
		D665E61C2CD8B2EF0070F8BD /* SwiftUIPuzzlePieceTests */ = {
			isa = PBXFileSystemSynchronizedRootGroup;
			path = SwiftUIPuzzlePieceTests;
			sourceTree = "<group>";
		};
		D665E6262CD8B2EF0070F8BD /* SwiftUIPuzzlePieceUITests */ = {
			isa = PBXFileSystemSynchronizedRootGroup;
			path = SwiftUIPuzzlePieceUITests;
			sourceTree = "<group>";
		};
/* End PBXFileSystemSynchronizedRootGroup section */

/* Begin PBXFrameworksBuildPhase section */
		D665E6062CD8B2EC0070F8BD /* Frameworks */ = {
			isa = PBXFrameworksBuildPhase;
			buildActionMask = 2147483647;
			files = (
			);
			runOnlyForDeploymentPostprocessing = 0;
		};
		D665E6162CD8B2EF0070F8BD /* Frameworks */ = {
			isa = PBXFrameworksBuildPhase;
			buildActionMask = 2147483647;
			files = (
			);
			runOnlyForDeploymentPostprocessing = 0;
		};
		D665E6202CD8B2EF0070F8BD /* Frameworks */ = {
			isa = PBXFrameworksBuildPhase;
			buildActionMask = 2147483647;
			files = (
			);
			runOnlyForDeploymentPostprocessing = 0;
		};
/* End PBXFrameworksBuildPhase section */

/* Begin PBXGroup section */
		D665E6002CD8B2EC0070F8BD = {
			isa = PBXGroup;
			children = (
				D665E60B2CD8B2EC0070F8BD /* SwiftUIPuzzlePiece */,
				D665E61C2CD8B2EF0070F8BD /* SwiftUIPuzzlePieceTests */,
				D665E6262CD8B2EF0070F8BD /* SwiftUIPuzzlePieceUITests */,
				D665E60A2CD8B2EC0070F8BD /* Products */,
			);
			sourceTree = "<group>";
		};
		D665E60A2CD8B2EC0070F8BD /* Products */ = {
			isa = PBXGroup;
			children = (
				D665E6092CD8B2EC0070F8BD /* SwiftUIPuzzlePiece.app */,
				D665E6192CD8B2EF0070F8BD /* SwiftUIPuzzlePieceTests.xctest */,
				D665E6232CD8B2EF0070F8BD /* SwiftUIPuzzlePieceUITests.xctest */,
			);
			name = Products;
			sourceTree = "<group>";
		};
/* End PBXGroup section */

/* Begin PBXNativeTarget section */
		D665E6082CD8B2EC0070F8BD /* SwiftUIPuzzlePiece */ = {
			isa = PBXNativeTarget;
			buildConfigurationList = D665E62D2CD8B2EF0070F8BD /* Build configuration list for PBXNativeTarget "SwiftUIPuzzlePiece" */;
			buildPhases = (
				D665E6052CD8B2EC0070F8BD /* Sources */,
				D665E6062CD8B2EC0070F8BD /* Frameworks */,
				D665E6072CD8B2EC0070F8BD /* Resources */,
			);
			buildRules = (
			);
			dependencies = (
			);
			fileSystemSynchronizedGroups = (
				D665E60B2CD8B2EC0070F8BD /* SwiftUIPuzzlePiece */,
			);
			name = SwiftUIPuzzlePiece;
			packageProductDependencies = (
			);
			productName = SwiftUIPuzzlePiece;
			productReference = D665E6092CD8B2EC0070F8BD /* SwiftUIPuzzlePiece.app */;
			productType = "com.apple.product-type.application";
		};
		D665E6182CD8B2EF0070F8BD /* SwiftUIPuzzlePieceTests */ = {
			isa = PBXNativeTarget;
			buildConfigurationList = D665E6302CD8B2EF0070F8BD /* Build configuration list for PBXNativeTarget "SwiftUIPuzzlePieceTests" */;
			buildPhases = (
				D665E6152CD8B2EF0070F8BD /* Sources */,
				D665E6162CD8B2EF0070F8BD /* Frameworks */,
				D665E6172CD8B2EF0070F8BD /* Resources */,
			);
			buildRules = (
			);
			dependencies = (
				D665E61B2CD8B2EF0070F8BD /* PBXTargetDependency */,
			);
			fileSystemSynchronizedGroups = (
				D665E61C2CD8B2EF0070F8BD /* SwiftUIPuzzlePieceTests */,
			);
			name = SwiftUIPuzzlePieceTests;
			packageProductDependencies = (
			);
			productName = SwiftUIPuzzlePieceTests;
			productReference = D665E6192CD8B2EF0070F8BD /* SwiftUIPuzzlePieceTests.xctest */;
			productType = "com.apple.product-type.bundle.unit-test";
		};
		D665E6222CD8B2EF0070F8BD /* SwiftUIPuzzlePieceUITests */ = {
			isa = PBXNativeTarget;
			buildConfigurationList = D665E6332CD8B2EF0070F8BD /* Build configuration list for PBXNativeTarget "SwiftUIPuzzlePieceUITests" */;
			buildPhases = (
				D665E61F2CD8B2EF0070F8BD /* Sources */,
				D665E6202CD8B2EF0070F8BD /* Frameworks */,
				D665E6212CD8B2EF0070F8BD /* Resources */,
			);
			buildRules = (
			);
			dependencies = (
				D665E6252CD8B2EF0070F8BD /* PBXTargetDependency */,
			);
			fileSystemSynchronizedGroups = (
				D665E6262CD8B2EF0070F8BD /* SwiftUIPuzzlePieceUITests */,
			);
			name = SwiftUIPuzzlePieceUITests;
			packageProductDependencies = (
			);
			productName = SwiftUIPuzzlePieceUITests;
			productReference = D665E6232CD8B2EF0070F8BD /* SwiftUIPuzzlePieceUITests.xctest */;
			productType = "com.apple.product-type.bundle.ui-testing";
		};
/* End PBXNativeTarget section */

/* Begin PBXProject section */
		D665E6012CD8B2EC0070F8BD /* Project object */ = {
			isa = PBXProject;
			attributes = {
				BuildIndependentTargetsInParallel = 1;
				LastSwiftUpdateCheck = 1600;
				LastUpgradeCheck = 1600;
				TargetAttributes = {
					D665E6082CD8B2EC0070F8BD = {
						CreatedOnToolsVersion = 16.0;
					};
					D665E6182CD8B2EF0070F8BD = {
						CreatedOnToolsVersion = 16.0;
						TestTargetID = D665E6082CD8B2EC0070F8BD;
					};
					D665E6222CD8B2EF0070F8BD = {
						CreatedOnToolsVersion = 16.0;
						TestTargetID = D665E6082CD8B2EC0070F8BD;
					};
				};
			};
			buildConfigurationList = D665E6042CD8B2EC0070F8BD /* Build configuration list for PBXProject "SwiftUIPuzzlePiece" */;
			developmentRegion = en;
			hasScannedForEncodings = 0;
			knownRegions = (
				en,
				Base,
			);
			mainGroup = D665E6002CD8B2EC0070F8BD;
			minimizedProjectReferenceProxies = 1;
			preferredProjectObjectVersion = 77;
			productRefGroup = D665E60A2CD8B2EC0070F8BD /* Products */;
			projectDirPath = "";
			projectRoot = "";
			targets = (
				D665E6082CD8B2EC0070F8BD /* SwiftUIPuzzlePiece */,
				D665E6182CD8B2EF0070F8BD /* SwiftUIPuzzlePieceTests */,
				D665E6222CD8B2EF0070F8BD /* SwiftUIPuzzlePieceUITests */,
			);
		};
/* End PBXProject section */

/* Begin PBXResourcesBuildPhase section */
		D665E6072CD8B2EC0070F8BD /* Resources */ = {
			isa = PBXResourcesBuildPhase;
			buildActionMask = 2147483647;
			files = (
			);
			runOnlyForDeploymentPostprocessing = 0;
		};
		D665E6172CD8B2EF0070F8BD /* Resources */ = {
			isa = PBXResourcesBuildPhase;
			buildActionMask = 2147483647;
			files = (
			);
			runOnlyForDeploymentPostprocessing = 0;
		};
		D665E6212CD8B2EF0070F8BD /* Resources */ = {
			isa = PBXResourcesBuildPhase;
			buildActionMask = 2147483647;
			files = (
			);
			runOnlyForDeploymentPostprocessing = 0;
		};
/* End PBXResourcesBuildPhase section */

/* Begin PBXSourcesBuildPhase section */
		D665E6052CD8B2EC0070F8BD /* Sources */ = {
			isa = PBXSourcesBuildPhase;
			buildActionMask = 2147483647;
			files = (
			);
			runOnlyForDeploymentPostprocessing = 0;
		};
		D665E6152CD8B2EF0070F8BD /* Sources */ = {
			isa = PBXSourcesBuildPhase;
			buildActionMask = 2147483647;
			files = (
			);
			runOnlyForDeploymentPostprocessing = 0;
		};
		D665E61F2CD8B2EF0070F8BD /* Sources */ = {
			isa = PBXSourcesBuildPhase;
			buildActionMask = 2147483647;
			files = (
			);
			runOnlyForDeploymentPostprocessing = 0;
		};
/* End PBXSourcesBuildPhase section */

/* Begin PBXTargetDependency section */
		D665E61B2CD8B2EF0070F8BD /* PBXTargetDependency */ = {
			isa = PBXTargetDependency;
			target = D665E6082CD8B2EC0070F8BD /* SwiftUIPuzzlePiece */;
			targetProxy = D665E61A2CD8B2EF0070F8BD /* PBXContainerItemProxy */;
		};
		D665E6252CD8B2EF0070F8BD /* PBXTargetDependency */ = {
			isa = PBXTargetDependency;
			target = D665E6082CD8B2EC0070F8BD /* SwiftUIPuzzlePiece */;
			targetProxy = D665E6242CD8B2EF0070F8BD /* PBXContainerItemProxy */;
		};
/* End PBXTargetDependency section */

/* Begin XCBuildConfiguration section */
		D665E62B2CD8B2EF0070F8BD /* Debug */ = {
			isa = XCBuildConfiguration;
			buildSettings = {
				ALWAYS_SEARCH_USER_PATHS = NO;
				ASSETCATALOG_COMPILER_GENERATE_SWIFT_ASSET_SYMBOL_EXTENSIONS = YES;
				CLANG_ANALYZER_NONNULL = YES;
				CLANG_ANALYZER_NUMBER_OBJECT_CONVERSION = YES_AGGRESSIVE;
				CLANG_CXX_LANGUAGE_STANDARD = "gnu++20";
				CLANG_ENABLE_MODULES = YES;
				CLANG_ENABLE_OBJC_ARC = YES;
				CLANG_ENABLE_OBJC_WEAK = YES;
				CLANG_WARN_BLOCK_CAPTURE_AUTORELEASING = YES;
				CLANG_WARN_BOOL_CONVERSION = YES;
				CLANG_WARN_COMMA = YES;
				CLANG_WARN_CONSTANT_CONVERSION = YES;
				CLANG_WARN_DEPRECATED_OBJC_IMPLEMENTATIONS = YES;
				CLANG_WARN_DIRECT_OBJC_ISA_USAGE = YES_ERROR;
				CLANG_WARN_DOCUMENTATION_COMMENTS = YES;
				CLANG_WARN_EMPTY_BODY = YES;
				CLANG_WARN_ENUM_CONVERSION = YES;
				CLANG_WARN_INFINITE_RECURSION = YES;
				CLANG_WARN_INT_CONVERSION = YES;
				CLANG_WARN_NON_LITERAL_NULL_CONVERSION = YES;
				CLANG_WARN_OBJC_IMPLICIT_RETAIN_SELF = YES;
				CLANG_WARN_OBJC_LITERAL_CONVERSION = YES;
				CLANG_WARN_OBJC_ROOT_CLASS = YES_ERROR;
				CLANG_WARN_QUOTED_INCLUDE_IN_FRAMEWORK_HEADER = YES;
				CLANG_WARN_RANGE_LOOP_ANALYSIS = YES;
				CLANG_WARN_STRICT_PROTOTYPES = YES;
				CLANG_WARN_SUSPICIOUS_MOVE = YES;
				CLANG_WARN_UNGUARDED_AVAILABILITY = YES_AGGRESSIVE;
				CLANG_WARN_UNREACHABLE_CODE = YES;
				CLANG_WARN__DUPLICATE_METHOD_MATCH = YES;
				COPY_PHASE_STRIP = NO;
				DEBUG_INFORMATION_FORMAT = dwarf;
				ENABLE_STRICT_OBJC_MSGSEND = YES;
				ENABLE_TESTABILITY = YES;
				ENABLE_USER_SCRIPT_SANDBOXING = YES;
				GCC_C_LANGUAGE_STANDARD = gnu17;
				GCC_DYNAMIC_NO_PIC = NO;
				GCC_NO_COMMON_BLOCKS = YES;
				GCC_OPTIMIZATION_LEVEL = 0;
				GCC_PREPROCESSOR_DEFINITIONS = (
					"DEBUG=1",
					"$(inherited)",
				);
				GCC_WARN_64_TO_32_BIT_CONVERSION = YES;
				GCC_WARN_ABOUT_RETURN_TYPE = YES_ERROR;
				GCC_WARN_UNDECLARED_SELECTOR = YES;
				GCC_WARN_UNINITIALIZED_AUTOS = YES_AGGRESSIVE;
				GCC_WARN_UNUSED_FUNCTION = YES;
				GCC_WARN_UNUSED_VARIABLE = YES;
				IPHONEOS_DEPLOYMENT_TARGET = 18.0;
				LOCALIZATION_PREFERS_STRING_CATALOGS = YES;
				MTL_ENABLE_DEBUG_INFO = INCLUDE_SOURCE;
				MTL_FAST_MATH = YES;
				ONLY_ACTIVE_ARCH = YES;
				SDKROOT = iphoneos;
				SWIFT_ACTIVE_COMPILATION_CONDITIONS = "DEBUG $(inherited)";
				SWIFT_OPTIMIZATION_LEVEL = "-Onone";
			};
			name = Debug;
		};
		D665E62C2CD8B2EF0070F8BD /* Release */ = {
			isa = XCBuildConfiguration;
			buildSettings = {
				ALWAYS_SEARCH_USER_PATHS = NO;
				ASSETCATALOG_COMPILER_GENERATE_SWIFT_ASSET_SYMBOL_EXTENSIONS = YES;
				CLANG_ANALYZER_NONNULL = YES;
				CLANG_ANALYZER_NUMBER_OBJECT_CONVERSION = YES_AGGRESSIVE;
				CLANG_CXX_LANGUAGE_STANDARD = "gnu++20";
				CLANG_ENABLE_MODULES = YES;
				CLANG_ENABLE_OBJC_ARC = YES;
				CLANG_ENABLE_OBJC_WEAK = YES;
				CLANG_WARN_BLOCK_CAPTURE_AUTORELEASING = YES;
				CLANG_WARN_BOOL_CONVERSION = YES;
				CLANG_WARN_COMMA = YES;
				CLANG_WARN_CONSTANT_CONVERSION = YES;
				CLANG_WARN_DEPRECATED_OBJC_IMPLEMENTATIONS = YES;
				CLANG_WARN_DIRECT_OBJC_ISA_USAGE = YES_ERROR;
				CLANG_WARN_DOCUMENTATION_COMMENTS = YES;
				CLANG_WARN_EMPTY_BODY = YES;
				CLANG_WARN_ENUM_CONVERSION = YES;
				CLANG_WARN_INFINITE_RECURSION = YES;
				CLANG_WARN_INT_CONVERSION = YES;
				CLANG_WARN_NON_LITERAL_NULL_CONVERSION = YES;
				CLANG_WARN_OBJC_IMPLICIT_RETAIN_SELF = YES;
				CLANG_WARN_OBJC_LITERAL_CONVERSION = YES;
				CLANG_WARN_OBJC_ROOT_CLASS = YES_ERROR;
				CLANG_WARN_QUOTED_INCLUDE_IN_FRAMEWORK_HEADER = YES;
				CLANG_WARN_RANGE_LOOP_ANALYSIS = YES;
				CLANG_WARN_STRICT_PROTOTYPES = YES;
				CLANG_WARN_SUSPICIOUS_MOVE = YES;
				CLANG_WARN_UNGUARDED_AVAILABILITY = YES_AGGRESSIVE;
				CLANG_WARN_UNREACHABLE_CODE = YES;
				CLANG_WARN__DUPLICATE_METHOD_MATCH = YES;
				COPY_PHASE_STRIP = NO;
				DEBUG_INFORMATION_FORMAT = "dwarf-with-dsym";
				ENABLE_NS_ASSERTIONS = NO;
				ENABLE_STRICT_OBJC_MSGSEND = YES;
				ENABLE_USER_SCRIPT_SANDBOXING = YES;
				GCC_C_LANGUAGE_STANDARD = gnu17;
				GCC_NO_COMMON_BLOCKS = YES;
				GCC_WARN_64_TO_32_BIT_CONVERSION = YES;
				GCC_WARN_ABOUT_RETURN_TYPE = YES_ERROR;
				GCC_WARN_UNDECLARED_SELECTOR = YES;
				GCC_WARN_UNINITIALIZED_AUTOS = YES_AGGRESSIVE;
				GCC_WARN_UNUSED_FUNCTION = YES;
				GCC_WARN_UNUSED_VARIABLE = YES;
				IPHONEOS_DEPLOYMENT_TARGET = 18.0;
				LOCALIZATION_PREFERS_STRING_CATALOGS = YES;
				MTL_ENABLE_DEBUG_INFO = NO;
				MTL_FAST_MATH = YES;
				SDKROOT = iphoneos;
				SWIFT_COMPILATION_MODE = wholemodule;
				VALIDATE_PRODUCT = YES;
			};
			name = Release;
		};
		D665E62E2CD8B2EF0070F8BD /* Debug */ = {
			isa = XCBuildConfiguration;
			buildSettings = {
				ASSETCATALOG_COMPILER_APPICON_NAME = AppIcon;
				ASSETCATALOG_COMPILER_GLOBAL_ACCENT_COLOR_NAME = AccentColor;
				CODE_SIGN_STYLE = Automatic;
				CURRENT_PROJECT_VERSION = 1;
				DEVELOPMENT_ASSET_PATHS = "\"SwiftUIPuzzlePiece/Preview Content\"";
				DEVELOPMENT_TEAM = K6LJCT8RAA;
				ENABLE_PREVIEWS = YES;
				GENERATE_INFOPLIST_FILE = YES;
				INFOPLIST_KEY_UIApplicationSceneManifest_Generation = YES;
				INFOPLIST_KEY_UIApplicationSupportsIndirectInputEvents = YES;
				INFOPLIST_KEY_UILaunchScreen_Generation = YES;
				INFOPLIST_KEY_UISupportedInterfaceOrientations_iPad = "UIInterfaceOrientationPortrait UIInterfaceOrientationPortraitUpsideDown UIInterfaceOrientationLandscapeLeft UIInterfaceOrientationLandscapeRight";
				INFOPLIST_KEY_UISupportedInterfaceOrientations_iPhone = "UIInterfaceOrientationPortrait UIInterfaceOrientationLandscapeLeft UIInterfaceOrientationLandscapeRight";
				LD_RUNPATH_SEARCH_PATHS = (
					"$(inherited)",
					"@executable_path/Frameworks",
				);
				MARKETING_VERSION = 1.0;
				PRODUCT_BUNDLE_IDENTIFIER = com.template.SwiftUIPuzzlePiece;
				PRODUCT_NAME = "$(TARGET_NAME)";
				SWIFT_EMIT_LOC_STRINGS = YES;
				SWIFT_VERSION = 5.0;
				TARGETED_DEVICE_FAMILY = "1,2";
			};
			name = Debug;
		};
		D665E62F2CD8B2EF0070F8BD /* Release */ = {
			isa = XCBuildConfiguration;
			buildSettings = {
				ASSETCATALOG_COMPILER_APPICON_NAME = AppIcon;
				ASSETCATALOG_COMPILER_GLOBAL_ACCENT_COLOR_NAME = AccentColor;
				CODE_SIGN_STYLE = Automatic;
				CURRENT_PROJECT_VERSION = 1;
				DEVELOPMENT_ASSET_PATHS = "\"SwiftUIPuzzlePiece/Preview Content\"";
				DEVELOPMENT_TEAM = K6LJCT8RAA;
				ENABLE_PREVIEWS = YES;
				GENERATE_INFOPLIST_FILE = YES;
				INFOPLIST_KEY_UIApplicationSceneManifest_Generation = YES;
				INFOPLIST_KEY_UIApplicationSupportsIndirectInputEvents = YES;
				INFOPLIST_KEY_UILaunchScreen_Generation = YES;
				INFOPLIST_KEY_UISupportedInterfaceOrientations_iPad = "UIInterfaceOrientationPortrait UIInterfaceOrientationPortraitUpsideDown UIInterfaceOrientationLandscapeLeft UIInterfaceOrientationLandscapeRight";
				INFOPLIST_KEY_UISupportedInterfaceOrientations_iPhone = "UIInterfaceOrientationPortrait UIInterfaceOrientationLandscapeLeft UIInterfaceOrientationLandscapeRight";
				LD_RUNPATH_SEARCH_PATHS = (
					"$(inherited)",
					"@executable_path/Frameworks",
				);
				MARKETING_VERSION = 1.0;
				PRODUCT_BUNDLE_IDENTIFIER = com.template.SwiftUIPuzzlePiece;
				PRODUCT_NAME = "$(TARGET_NAME)";
				SWIFT_EMIT_LOC_STRINGS = YES;
				SWIFT_VERSION = 5.0;
				TARGETED_DEVICE_FAMILY = "1,2";
			};
			name = Release;
		};
		D665E6312CD8B2EF0070F8BD /* Debug */ = {
			isa = XCBuildConfiguration;
			buildSettings = {
				BUNDLE_LOADER = "$(TEST_HOST)";
				CODE_SIGN_STYLE = Automatic;
				CURRENT_PROJECT_VERSION = 1;
				DEVELOPMENT_TEAM = K6LJCT8RAA;
				GENERATE_INFOPLIST_FILE = YES;
				IPHONEOS_DEPLOYMENT_TARGET = 18.0;
				MARKETING_VERSION = 1.0;
				PRODUCT_BUNDLE_IDENTIFIER = com.template.SwiftUIPuzzlePieceTests;
				PRODUCT_NAME = "$(TARGET_NAME)";
				SWIFT_EMIT_LOC_STRINGS = NO;
				SWIFT_VERSION = 5.0;
				TARGETED_DEVICE_FAMILY = "1,2";
				TEST_HOST = "$(BUILT_PRODUCTS_DIR)/SwiftUIPuzzlePiece.app/$(BUNDLE_EXECUTABLE_FOLDER_PATH)/SwiftUIPuzzlePiece";
			};
			name = Debug;
		};
		D665E6322CD8B2EF0070F8BD /* Release */ = {
			isa = XCBuildConfiguration;
			buildSettings = {
				BUNDLE_LOADER = "$(TEST_HOST)";
				CODE_SIGN_STYLE = Automatic;
				CURRENT_PROJECT_VERSION = 1;
				DEVELOPMENT_TEAM = K6LJCT8RAA;
				GENERATE_INFOPLIST_FILE = YES;
				IPHONEOS_DEPLOYMENT_TARGET = 18.0;
				MARKETING_VERSION = 1.0;
				PRODUCT_BUNDLE_IDENTIFIER = com.template.SwiftUIPuzzlePieceTests;
				PRODUCT_NAME = "$(TARGET_NAME)";
				SWIFT_EMIT_LOC_STRINGS = NO;
				SWIFT_VERSION = 5.0;
				TARGETED_DEVICE_FAMILY = "1,2";
				TEST_HOST = "$(BUILT_PRODUCTS_DIR)/SwiftUIPuzzlePiece.app/$(BUNDLE_EXECUTABLE_FOLDER_PATH)/SwiftUIPuzzlePiece";
			};
			name = Release;
		};
		D665E6342CD8B2EF0070F8BD /* Debug */ = {
			isa = XCBuildConfiguration;
			buildSettings = {
				CODE_SIGN_STYLE = Automatic;
				CURRENT_PROJECT_VERSION = 1;
				DEVELOPMENT_TEAM = K6LJCT8RAA;
				GENERATE_INFOPLIST_FILE = YES;
				MARKETING_VERSION = 1.0;
				PRODUCT_BUNDLE_IDENTIFIER = com.template.SwiftUIPuzzlePieceUITests;
				PRODUCT_NAME = "$(TARGET_NAME)";
				SWIFT_EMIT_LOC_STRINGS = NO;
				SWIFT_VERSION = 5.0;
				TARGETED_DEVICE_FAMILY = "1,2";
				TEST_TARGET_NAME = SwiftUIPuzzlePiece;
			};
			name = Debug;
		};
		D665E6352CD8B2EF0070F8BD /* Release */ = {
			isa = XCBuildConfiguration;
			buildSettings = {
				CODE_SIGN_STYLE = Automatic;
				CURRENT_PROJECT_VERSION = 1;
				DEVELOPMENT_TEAM = K6LJCT8RAA;
				GENERATE_INFOPLIST_FILE = YES;
				MARKETING_VERSION = 1.0;
				PRODUCT_BUNDLE_IDENTIFIER = com.template.SwiftUIPuzzlePieceUITests;
				PRODUCT_NAME = "$(TARGET_NAME)";
				SWIFT_EMIT_LOC_STRINGS = NO;
				SWIFT_VERSION = 5.0;
				TARGETED_DEVICE_FAMILY = "1,2";
				TEST_TARGET_NAME = SwiftUIPuzzlePiece;
			};
			name = Release;
		};
/* End XCBuildConfiguration section */

/* Begin XCConfigurationList section */
		D665E6042CD8B2EC0070F8BD /* Build configuration list for PBXProject "SwiftUIPuzzlePiece" */ = {
			isa = XCConfigurationList;
			buildConfigurations = (
				D665E62B2CD8B2EF0070F8BD /* Debug */,
				D665E62C2CD8B2EF0070F8BD /* Release */,
			);
			defaultConfigurationIsVisible = 0;
			defaultConfigurationName = Release;
		};
		D665E62D2CD8B2EF0070F8BD /* Build configuration list for PBXNativeTarget "SwiftUIPuzzlePiece" */ = {
			isa = XCConfigurationList;
			buildConfigurations = (
				D665E62E2CD8B2EF0070F8BD /* Debug */,
				D665E62F2CD8B2EF0070F8BD /* Release */,
			);
			defaultConfigurationIsVisible = 0;
			defaultConfigurationName = Release;
		};
		D665E6302CD8B2EF0070F8BD /* Build configuration list for PBXNativeTarget "SwiftUIPuzzlePieceTests" */ = {
			isa = XCConfigurationList;
			buildConfigurations = (
				D665E6312CD8B2EF0070F8BD /* Debug */,
				D665E6322CD8B2EF0070F8BD /* Release */,
			);
			defaultConfigurationIsVisible = 0;
			defaultConfigurationName = Release;
		};
		D665E6332CD8B2EF0070F8BD /* Build configuration list for PBXNativeTarget "SwiftUIPuzzlePieceUITests" */ = {
			isa = XCConfigurationList;
			buildConfigurations = (
				D665E6342CD8B2EF0070F8BD /* Debug */,
				D665E6352CD8B2EF0070F8BD /* Release */,
			);
			defaultConfigurationIsVisible = 0;
			defaultConfigurationName = Release;
		};
/* End XCConfigurationList section */
	};
	rootObject = D665E6012CD8B2EC0070F8BD /* Project object */;
}
